
Microsoft Visual Studio Solution File, Format Version 12.00
# Visual Studio Version 16
VisualStudioVersion = 16.0.36631.11
MinimumVisualStudioVersion = 10.0.40219.1
Project("{888888A0-9F3D-457C-B088-3A5042F75D52}") = "suvari", "suvari\suvari.pyproj", "{C5B74C3B-3D4F-46DE-B281-E201A93C08CD}"
EndProject
Global
	GlobalSection(SolutionConfigurationPlatforms) = preSolution
		Debug|Any CPU = Debug|Any CPU
		Release|Any CPU = Release|Any CPU
	EndGlobalSection
	GlobalSection(ProjectConfigurationPlatforms) = postSolution
		{C5B74C3B-3D4F-46DE-B281-E201A93C08CD}.Debug|Any CPU.ActiveCfg = Debug|Any CPU
		{C5B74C3B-3D4F-46DE-B281-E201A93C08CD}.Debug|Any CPU.Build.0 = Debug|Any CPU
		{C5B74C3B-3D4F-46DE-B281-E201A93C08CD}.Release|Any CPU.ActiveCfg = Release|Any CPU
		{C5B74C3B-3D4F-46DE-B281-E201A93C08CD}.Release|Any CPU.Build.0 = Release|Any CPU
	EndGlobalSection
	GlobalSection(SolutionProperties) = preSolution
		HideSolutionNode = FALSE
	EndGlobalSection
	GlobalSection(ExtensibilityGlobals) = postSolution
		SolutionGuid = {EA621125-8766-453E-BA87-473E8FA99705}
	EndGlobalSection
EndGlobal
